
Microsoft Visual Studio Solution File, Format Version 12.00
# Visual Studio Version 16
VisualStudioVersion = 16.0.32106.194
MinimumVisualStudioVersion = 10.0.40219.1
Project("{FAE04EC0-301F-11D3-BF4B-00C04F79EFBC}") = "XamarinExamPart.Android", "XamarinExamPart\XamarinExamPart.Android\XamarinExamPart.Android.csproj", "{455D6FC1-3EB0-4C46-A96C-19A3E9E0C2CF}"
EndProject
Project("{FAE04EC0-301F-11D3-BF4B-00C04F79EFBC}") = "XamarinExamPart.iOS", "XamarinExamPart\XamarinExamPart.iOS\XamarinExamPart.iOS.csproj", "{386CAA28-EDDE-4E41-ACAC-4E4004FB18C8}"
EndProject
Project("{9A19103F-16F7-4668-BE54-9A1E7A4F7556}") = "XamarinExamPart", "XamarinExamPart\XamarinExamPart\XamarinExamPart.csproj", "{D4138495-3A6F-4E2D-A219-01C8B0283201}"
EndProject
Project("{FAE04EC0-301F-11D3-BF4B-00C04F79EFBC}") = "TestingProejct", "TestingProejct\TestingProejct.csproj", "{8DE9A8D1-5C6F-4272-B46A-FA119445FF9E}"
EndProject
Global
	GlobalSection(SolutionConfigurationPlatforms) = preSolution
		Debug|Any CPU = Debug|Any CPU
		Debug|iPhone = Debug|iPhone
		Debug|iPhoneSimulator = Debug|iPhoneSimulator
		Release|Any CPU = Release|Any CPU
		Release|iPhone = Release|iPhone
		Release|iPhoneSimulator = Release|iPhoneSimulator
	EndGlobalSection
	GlobalSection(ProjectConfigurationPlatforms) = postSolution
		{455D6FC1-3EB0-4C46-A96C-19A3E9E0C2CF}.Debug|Any CPU.ActiveCfg = Debug|Any CPU
		{455D6FC1-3EB0-4C46-A96C-19A3E9E0C2CF}.Debug|Any CPU.Build.0 = Debug|Any CPU
		{455D6FC1-3EB0-4C46-A96C-19A3E9E0C2CF}.Debug|Any CPU.Deploy.0 = Debug|Any CPU
		{455D6FC1-3EB0-4C46-A96C-19A3E9E0C2CF}.Debug|iPhone.ActiveCfg = Debug|Any CPU
		{455D6FC1-3EB0-4C46-A96C-19A3E9E0C2CF}.Debug|iPhone.Build.0 = Debug|Any CPU
		{455D6FC1-3EB0-4C46-A96C-19A3E9E0C2CF}.Debug|iPhone.Deploy.0 = Debug|Any CPU
		{455D6FC1-3EB0-4C46-A96C-19A3E9E0C2CF}.Debug|iPhoneSimulator.ActiveCfg = Debug|Any CPU
		{455D6FC1-3EB0-4C46-A96C-19A3E9E0C2CF}.Debug|iPhoneSimulator.Build.0 = Debug|Any CPU
		{455D6FC1-3EB0-4C46-A96C-19A3E9E0C2CF}.Debug|iPhoneSimulator.Deploy.0 = Debug|Any CPU
		{455D6FC1-3EB0-4C46-A96C-19A3E9E0C2CF}.Release|Any CPU.ActiveCfg = Release|Any CPU
		{455D6FC1-3EB0-4C46-A96C-19A3E9E0C2CF}.Release|Any CPU.Build.0 = Release|Any CPU
		{455D6FC1-3EB0-4C46-A96C-19A3E9E0C2CF}.Release|Any CPU.Deploy.0 = Release|Any CPU
		{455D6FC1-3EB0-4C46-A96C-19A3E9E0C2CF}.Release|iPhone.ActiveCfg = Release|Any CPU
		{455D6FC1-3EB0-4C46-A96C-19A3E9E0C2CF}.Release|iPhone.Build.0 = Release|Any CPU
		{455D6FC1-3EB0-4C46-A96C-19A3E9E0C2CF}.Release|iPhone.Deploy.0 = Release|Any CPU
		{455D6FC1-3EB0-4C46-A96C-19A3E9E0C2CF}.Release|iPhoneSimulator.ActiveCfg = Release|Any CPU
		{455D6FC1-3EB0-4C46-A96C-19A3E9E0C2CF}.Release|iPhoneSimulator.Build.0 = Release|Any CPU
		{455D6FC1-3EB0-4C46-A96C-19A3E9E0C2CF}.Release|iPhoneSimulator.Deploy.0 = Release|Any CPU
		{386CAA28-EDDE-4E41-ACAC-4E4004FB18C8}.Debug|Any CPU.ActiveCfg = Debug|iPhone
		{386CAA28-EDDE-4E41-ACAC-4E4004FB18C8}.Debug|Any CPU.Build.0 = Debug|iPhone
		{386CAA28-EDDE-4E41-ACAC-4E4004FB18C8}.Debug|Any CPU.Deploy.0 = Debug|iPhone
		{386CAA28-EDDE-4E41-ACAC-4E4004FB18C8}.Debug|iPhone.ActiveCfg = Debug|iPhone
		{386CAA28-EDDE-4E41-ACAC-4E4004FB18C8}.Debug|iPhone.Build.0 = Debug|iPhone
		{386CAA28-EDDE-4E41-ACAC-4E4004FB18C8}.Debug|iPhone.Deploy.0 = Debug|iPhone
		{386CAA28-EDDE-4E41-ACAC-4E4004FB18C8}.Debug|iPhoneSimulator.ActiveCfg = Debug|iPhoneSimulator
		{386CAA28-EDDE-4E41-ACAC-4E4004FB18C8}.Debug|iPhoneSimulator.Build.0 = Debug|iPhoneSimulator
		{386CAA28-EDDE-4E41-ACAC-4E4004FB18C8}.Debug|iPhoneSimulator.Deploy.0 = Debug|iPhoneSimulator
		{386CAA28-EDDE-4E41-ACAC-4E4004FB18C8}.Release|Any CPU.ActiveCfg = Release|iPhoneSimulator
		{386CAA28-EDDE-4E41-ACAC-4E4004FB18C8}.Release|Any CPU.Build.0 = Release|iPhoneSimulator
		{386CAA28-EDDE-4E41-ACAC-4E4004FB18C8}.Release|Any CPU.Deploy.0 = Release|iPhoneSimulator
		{386CAA28-EDDE-4E41-ACAC-4E4004FB18C8}.Release|iPhone.ActiveCfg = Release|iPhone
		{386CAA28-EDDE-4E41-ACAC-4E4004FB18C8}.Release|iPhone.Build.0 = Release|iPhone
		{386CAA28-EDDE-4E41-ACAC-4E4004FB18C8}.Release|iPhone.Deploy.0 = Release|iPhone
		{386CAA28-EDDE-4E41-ACAC-4E4004FB18C8}.Release|iPhoneSimulator.ActiveCfg = Release|iPhoneSimulator
		{386CAA28-EDDE-4E41-ACAC-4E4004FB18C8}.Release|iPhoneSimulator.Build.0 = Release|iPhoneSimulator
		{386CAA28-EDDE-4E41-ACAC-4E4004FB18C8}.Release|iPhoneSimulator.Deploy.0 = Release|iPhoneSimulator
		{D4138495-3A6F-4E2D-A219-01C8B0283201}.Debug|Any CPU.ActiveCfg = Debug|Any CPU
		{D4138495-3A6F-4E2D-A219-01C8B0283201}.Debug|Any CPU.Build.0 = Debug|Any CPU
		{D4138495-3A6F-4E2D-A219-01C8B0283201}.Debug|Any CPU.Deploy.0 = Debug|Any CPU
		{D4138495-3A6F-4E2D-A219-01C8B0283201}.Debug|iPhone.ActiveCfg = Debug|Any CPU
		{D4138495-3A6F-4E2D-A219-01C8B0283201}.Debug|iPhone.Build.0 = Debug|Any CPU
		{D4138495-3A6F-4E2D-A219-01C8B0283201}.Debug|iPhone.Deploy.0 = Debug|Any CPU
		{D4138495-3A6F-4E2D-A219-01C8B0283201}.Debug|iPhoneSimulator.ActiveCfg = Debug|Any CPU
		{D4138495-3A6F-4E2D-A219-01C8B0283201}.Debug|iPhoneSimulator.Build.0 = Debug|Any CPU
		{D4138495-3A6F-4E2D-A219-01C8B0283201}.Debug|iPhoneSimulator.Deploy.0 = Debug|Any CPU
		{D4138495-3A6F-4E2D-A219-01C8B0283201}.Release|Any CPU.ActiveCfg = Release|Any CPU
		{D4138495-3A6F-4E2D-A219-01C8B0283201}.Release|Any CPU.Build.0 = Release|Any CPU
		{D4138495-3A6F-4E2D-A219-01C8B0283201}.Release|Any CPU.Deploy.0 = Release|Any CPU
		{D4138495-3A6F-4E2D-A219-01C8B0283201}.Release|iPhone.ActiveCfg = Release|Any CPU
		{D4138495-3A6F-4E2D-A219-01C8B0283201}.Release|iPhone.Build.0 = Release|Any CPU
		{D4138495-3A6F-4E2D-A219-01C8B0283201}.Release|iPhone.Deploy.0 = Release|Any CPU
		{D4138495-3A6F-4E2D-A219-01C8B0283201}.Release|iPhoneSimulator.ActiveCfg = Release|Any CPU
		{D4138495-3A6F-4E2D-A219-01C8B0283201}.Release|iPhoneSimulator.Build.0 = Release|Any CPU
		{D4138495-3A6F-4E2D-A219-01C8B0283201}.Release|iPhoneSimulator.Deploy.0 = Release|Any CPU
		{8DE9A8D1-5C6F-4272-B46A-FA119445FF9E}.Debug|Any CPU.ActiveCfg = Debug|Any CPU
		{8DE9A8D1-5C6F-4272-B46A-FA119445FF9E}.Debug|Any CPU.Build.0 = Debug|Any CPU
		{8DE9A8D1-5C6F-4272-B46A-FA119445FF9E}.Debug|iPhone.ActiveCfg = Debug|Any CPU
		{8DE9A8D1-5C6F-4272-B46A-FA119445FF9E}.Debug|iPhone.Build.0 = Debug|Any CPU
		{8DE9A8D1-5C6F-4272-B46A-FA119445FF9E}.Debug|iPhoneSimulator.ActiveCfg = Debug|Any CPU
		{8DE9A8D1-5C6F-4272-B46A-FA119445FF9E}.Debug|iPhoneSimulator.Build.0 = Debug|Any CPU
		{8DE9A8D1-5C6F-4272-B46A-FA119445FF9E}.Release|Any CPU.ActiveCfg = Release|Any CPU
		{8DE9A8D1-5C6F-4272-B46A-FA119445FF9E}.Release|Any CPU.Build.0 = Release|Any CPU
		{8DE9A8D1-5C6F-4272-B46A-FA119445FF9E}.Release|iPhone.ActiveCfg = Release|Any CPU
		{8DE9A8D1-5C6F-4272-B46A-FA119445FF9E}.Release|iPhone.Build.0 = Release|Any CPU
		{8DE9A8D1-5C6F-4272-B46A-FA119445FF9E}.Release|iPhoneSimulator.ActiveCfg = Release|Any CPU
		{8DE9A8D1-5C6F-4272-B46A-FA119445FF9E}.Release|iPhoneSimulator.Build.0 = Release|Any CPU
	EndGlobalSection
	GlobalSection(SolutionProperties) = preSolution
		HideSolutionNode = FALSE
	EndGlobalSection
	GlobalSection(ExtensibilityGlobals) = postSolution
		SolutionGuid = {9CD03C72-B2F0-4327-A290-DC61CA07CFDD}
	EndGlobalSection
EndGlobal
